// !$*UTF8*$!
{
	archiveVersion = 1;
	classes = {
	};
	objectVersion = 46;
	objects = {

/* Begin PBXBuildFile section */
		7708439A16561BF60078B542 /* Default-568h@2x.png in Resources */ = {isa = PBXBuildFile; fileRef = 7708439916561BF60078B542 /* Default-568h@2x.png */; };
		779074E71637925600066A07 /* UIKit.framework in Frameworks */ = {isa = PBXBuildFile; fileRef = 779074E61637925600066A07 /* UIKit.framework */; };
		779074E91637925600066A07 /* Foundation.framework in Frameworks */ = {isa = PBXBuildFile; fileRef = 779074E81637925600066A07 /* Foundation.framework */; };
		779074EB1637925600066A07 /* CoreGraphics.framework in Frameworks */ = {isa = PBXBuildFile; fileRef = 779074EA1637925600066A07 /* CoreGraphics.framework */; };
		779074F11637925600066A07 /* InfoPlist.strings in Resources */ = {isa = PBXBuildFile; fileRef = 779074EF1637925600066A07 /* InfoPlist.strings */; };
		779074F31637925600066A07 /* main.m in Sources */ = {isa = PBXBuildFile; fileRef = 779074F21637925600066A07 /* main.m */; };
		779074F71637925600066A07 /* AppDelegate.m in Sources */ = {isa = PBXBuildFile; fileRef = 779074F61637925600066A07 /* AppDelegate.m */; };
		779074F91637925600066A07 /* Default.png in Resources */ = {isa = PBXBuildFile; fileRef = 779074F81637925600066A07 /* Default.png */; };
		779075001637925600066A07 /* PhoneMainStoryboard.storyboard in Resources */ = {isa = PBXBuildFile; fileRef = 779074FE1637925600066A07 /* PhoneMainStoryboard.storyboard */; };
		779075031637925600066A07 /* LoginViewController.m in Sources */ = {isa = PBXBuildFile; fileRef = 779075021637925600066A07 /* LoginViewController.m */; };
		7790752016379B6000066A07 /* MainViewController.m in Sources */ = {isa = PBXBuildFile; fileRef = 7790751F16379B6000066A07 /* MainViewController.m */; };
		779075291637E69100066A07 /* PurchaseViewController.m in Sources */ = {isa = PBXBuildFile; fileRef = 779075281637E69100066A07 /* PurchaseViewController.m */; };
		7790752B1637E7E100066A07 /* StoreKit.framework in Frameworks */ = {isa = PBXBuildFile; fileRef = 7790752A1637E7E100066A07 /* StoreKit.framework */; };
		77C2B578166F29AD00A846FC /* MPCONFIG.plist in Resources */ = {isa = PBXBuildFile; fileRef = 77C2B577166F29AD00A846FC /* MPCONFIG.plist */; };
		77C725B416842B3C00C23A19 /* MyPlayFramework.framework in Frameworks */ = {isa = PBXBuildFile; fileRef = 77C725B316842B3C00C23A19 /* MyPlayFramework.framework */; };
		77CB1B371655ED3500D19872 /* icon2.png in Resources */ = {isa = PBXBuildFile; fileRef = 77CB1B361655ED3500D19872 /* icon2.png */; };
		77CD56C91663033C0005C160 /* 123.jpg in Resources */ = {isa = PBXBuildFile; fileRef = 77CD56C81663033C0005C160 /* 123.jpg */; };
		FC301F24165E3E5A008EBA78 /* HomeViewController.m in Sources */ = {isa = PBXBuildFile; fileRef = FC301F23165E3E5A008EBA78 /* HomeViewController.m */; };
/* End PBXBuildFile section */

/* Begin PBXFileReference section */
		7708439916561BF60078B542 /* Default-568h@2x.png */ = {isa = PBXFileReference; lastKnownFileType = image.png; name = "Default-568h@2x.png"; path = "../Default-568h@2x.png"; sourceTree = "<group>"; };
		779074E21637925600066A07 /* TicTacTao.app */ = {isa = PBXFileReference; explicitFileType = wrapper.application; includeInIndex = 0; path = TicTacTao.app; sourceTree = BUILT_PRODUCTS_DIR; };
		779074E61637925600066A07 /* UIKit.framework */ = {isa = PBXFileReference; lastKnownFileType = wrapper.framework; name = UIKit.framework; path = System/Library/Frameworks/UIKit.framework; sourceTree = SDKROOT; };
		779074E81637925600066A07 /* Foundation.framework */ = {isa = PBXFileReference; lastKnownFileType = wrapper.framework; name = Foundation.framework; path = System/Library/Frameworks/Foundation.framework; sourceTree = SDKROOT; };
		779074EA1637925600066A07 /* CoreGraphics.framework */ = {isa = PBXFileReference; lastKnownFileType = wrapper.framework; name = CoreGraphics.framework; path = System/Library/Frameworks/CoreGraphics.framework; sourceTree = SDKROOT; };
		779074EE1637925600066A07 /* TicTacTao-Info.plist */ = {isa = PBXFileReference; lastKnownFileType = text.plist.xml; path = "TicTacTao-Info.plist"; sourceTree = "<group>"; };
		779074F01637925600066A07 /* en */ = {isa = PBXFileReference; lastKnownFileType = text.plist.strings; name = en; path = en.lproj/InfoPlist.strings; sourceTree = "<group>"; };
		779074F21637925600066A07 /* main.m */ = {isa = PBXFileReference; lastKnownFileType = sourcecode.c.objc; path = main.m; sourceTree = "<group>"; };
		779074F41637925600066A07 /* TicTacTao-Prefix.pch */ = {isa = PBXFileReference; lastKnownFileType = sourcecode.c.h; path = "TicTacTao-Prefix.pch"; sourceTree = "<group>"; };
		779074F51637925600066A07 /* AppDelegate.h */ = {isa = PBXFileReference; lastKnownFileType = sourcecode.c.h; path = AppDelegate.h; sourceTree = "<group>"; };
		779074F61637925600066A07 /* AppDelegate.m */ = {isa = PBXFileReference; lastKnownFileType = sourcecode.c.objc; path = AppDelegate.m; sourceTree = "<group>"; };
		779074F81637925600066A07 /* Default.png */ = {isa = PBXFileReference; lastKnownFileType = image.png; path = Default.png; sourceTree = "<group>"; };
		779074FF1637925600066A07 /* en */ = {isa = PBXFileReference; lastKnownFileType = file.storyboard; name = en; path = en.lproj/PhoneMainStoryboard.storyboard; sourceTree = "<group>"; };
		779075011637925600066A07 /* LoginViewController.h */ = {isa = PBXFileReference; lastKnownFileType = sourcecode.c.h; path = LoginViewController.h; sourceTree = "<group>"; };
		779075021637925600066A07 /* LoginViewController.m */ = {isa = PBXFileReference; lastKnownFileType = sourcecode.c.objc; path = LoginViewController.m; sourceTree = "<group>"; };
		7790751E16379B6000066A07 /* MainViewController.h */ = {isa = PBXFileReference; fileEncoding = 4; lastKnownFileType = sourcecode.c.h; path = MainViewController.h; sourceTree = "<group>"; };
		7790751F16379B6000066A07 /* MainViewController.m */ = {isa = PBXFileReference; fileEncoding = 4; lastKnownFileType = sourcecode.c.objc; path = MainViewController.m; sourceTree = "<group>"; };
		779075271637E69100066A07 /* PurchaseViewController.h */ = {isa = PBXFileReference; fileEncoding = 4; lastKnownFileType = sourcecode.c.h; path = PurchaseViewController.h; sourceTree = "<group>"; };
		779075281637E69100066A07 /* PurchaseViewController.m */ = {isa = PBXFileReference; fileEncoding = 4; lastKnownFileType = sourcecode.c.objc; path = PurchaseViewController.m; sourceTree = "<group>"; };
		7790752A1637E7E100066A07 /* StoreKit.framework */ = {isa = PBXFileReference; lastKnownFileType = wrapper.framework; name = StoreKit.framework; path = System/Library/Frameworks/StoreKit.framework; sourceTree = SDKROOT; };
		77C2B577166F29AD00A846FC /* MPCONFIG.plist */ = {isa = PBXFileReference; lastKnownFileType = file.bplist; path = MPCONFIG.plist; sourceTree = "<group>"; };
		77C725B316842B3C00C23A19 /* MyPlayFramework.framework */ = {isa = PBXFileReference; lastKnownFileType = wrapper.framework; path = MyPlayFramework.framework; sourceTree = "<group>"; };
		77CB1B361655ED3500D19872 /* icon2.png */ = {isa = PBXFileReference; lastKnownFileType = image.png; name = icon2.png; path = ../icon2.png; sourceTree = "<group>"; };
		77CD56C81663033C0005C160 /* 123.jpg */ = {isa = PBXFileReference; lastKnownFileType = image.jpeg; path = 123.jpg; sourceTree = "<group>"; };
		FC301F22165E3E5A008EBA78 /* HomeViewController.h */ = {isa = PBXFileReference; fileEncoding = 4; lastKnownFileType = sourcecode.c.h; path = HomeViewController.h; sourceTree = "<group>"; };
		FC301F23165E3E5A008EBA78 /* HomeViewController.m */ = {isa = PBXFileReference; fileEncoding = 4; lastKnownFileType = sourcecode.c.objc; path = HomeViewController.m; sourceTree = "<group>"; };
/* End PBXFileReference section */

/* Begin PBXFrameworksBuildPhase section */
		779074DF1637925600066A07 /* Frameworks */ = {
			isa = PBXFrameworksBuildPhase;
			buildActionMask = 2147483647;
			files = (
				7790752B1637E7E100066A07 /* StoreKit.framework in Frameworks */,
				779074E71637925600066A07 /* UIKit.framework in Frameworks */,
				779074E91637925600066A07 /* Foundation.framework in Frameworks */,
				779074EB1637925600066A07 /* CoreGraphics.framework in Frameworks */,
				77C725B416842B3C00C23A19 /* MyPlayFramework.framework in Frameworks */,
			);
			runOnlyForDeploymentPostprocessing = 0;
		};
/* End PBXFrameworksBuildPhase section */

/* Begin PBXGroup section */
		779074D71637925600066A07 = {
			isa = PBXGroup;
			children = (
				779074EC1637925600066A07 /* TicTacTao */,
				779074E51637925600066A07 /* Frameworks */,
				779074E31637925600066A07 /* Products */,
			);
			sourceTree = "<group>";
		};
		779074E31637925600066A07 /* Products */ = {
			isa = PBXGroup;
			children = (
				779074E21637925600066A07 /* TicTacTao.app */,
			);
			name = Products;
			sourceTree = "<group>";
		};
		779074E51637925600066A07 /* Frameworks */ = {
			isa = PBXGroup;
			children = (
				77C725B316842B3C00C23A19 /* MyPlayFramework.framework */,
				7790752A1637E7E100066A07 /* StoreKit.framework */,
				779074E61637925600066A07 /* UIKit.framework */,
				779074E81637925600066A07 /* Foundation.framework */,
				779074EA1637925600066A07 /* CoreGraphics.framework */,
			);
			name = Frameworks;
			sourceTree = "<group>";
		};
		779074EC1637925600066A07 /* TicTacTao */ = {
			isa = PBXGroup;
			children = (
				779074FE1637925600066A07 /* PhoneMainStoryboard.storyboard */,
				779075011637925600066A07 /* LoginViewController.h */,
				779075021637925600066A07 /* LoginViewController.m */,
				7790751E16379B6000066A07 /* MainViewController.h */,
				7790751F16379B6000066A07 /* MainViewController.m */,
				779075271637E69100066A07 /* PurchaseViewController.h */,
				77C2B577166F29AD00A846FC /* MPCONFIG.plist */,
				779075281637E69100066A07 /* PurchaseViewController.m */,
				779074F51637925600066A07 /* AppDelegate.h */,
				779074F61637925600066A07 /* AppDelegate.m */,
				779074ED1637925600066A07 /* Supporting Files */,
				FC301F22165E3E5A008EBA78 /* HomeViewController.h */,
				FC301F23165E3E5A008EBA78 /* HomeViewController.m */,
			);
			path = TicTacTao;
			sourceTree = "<group>";
		};
		779074ED1637925600066A07 /* Supporting Files */ = {
			isa = PBXGroup;
			children = (
				77CD56C81663033C0005C160 /* 123.jpg */,
				7708439916561BF60078B542 /* Default-568h@2x.png */,
				77CB1B361655ED3500D19872 /* icon2.png */,
				779074EE1637925600066A07 /* TicTacTao-Info.plist */,
				779074EF1637925600066A07 /* InfoPlist.strings */,
				779074F21637925600066A07 /* main.m */,
				779074F41637925600066A07 /* TicTacTao-Prefix.pch */,
				779074F81637925600066A07 /* Default.png */,
			);
			name = "Supporting Files";
			sourceTree = "<group>";
		};
/* End PBXGroup section */

/* Begin PBXNativeTarget section */
		779074E11637925600066A07 /* TicTacTao */ = {
			isa = PBXNativeTarget;
			buildConfigurationList = 779075061637925600066A07 /* Build configuration list for PBXNativeTarget "TicTacTao" */;
			buildPhases = (
				779074DE1637925600066A07 /* Sources */,
				779074DF1637925600066A07 /* Frameworks */,
				779074E01637925600066A07 /* Resources */,
			);
			buildRules = (
			);
			dependencies = (
			);
			name = TicTacTao;
			productName = TicTacTao;
			productReference = 779074E21637925600066A07 /* TicTacTao.app */;
			productType = "com.apple.product-type.application";
		};
/* End PBXNativeTarget section */

/* Begin PBXProject section */
		779074D91637925600066A07 /* Project object */ = {
			isa = PBXProject;
			attributes = {
				LastUpgradeCheck = 0450;
				ORGANIZATIONNAME = TWM;
			};
			buildConfigurationList = 779074DC1637925600066A07 /* Build configuration list for PBXProject "TicTacTao" */;
			compatibilityVersion = "Xcode 3.2";
			developmentRegion = English;
			hasScannedForEncodings = 0;
			knownRegions = (
				en,
			);
			mainGroup = 779074D71637925600066A07;
			productRefGroup = 779074E31637925600066A07 /* Products */;
			projectDirPath = "";
			projectRoot = "";
			targets = (
				779074E11637925600066A07 /* TicTacTao */,
			);
		};
/* End PBXProject section */

/* Begin PBXResourcesBuildPhase section */
		779074E01637925600066A07 /* Resources */ = {
			isa = PBXResourcesBuildPhase;
			buildActionMask = 2147483647;
			files = (
				779074F11637925600066A07 /* InfoPlist.strings in Resources */,
				779074F91637925600066A07 /* Default.png in Resources */,
				779075001637925600066A07 /* PhoneMainStoryboard.storyboard in Resources */,
				77CB1B371655ED3500D19872 /* icon2.png in Resources */,
				7708439A16561BF60078B542 /* Default-568h@2x.png in Resources */,
				77CD56C91663033C0005C160 /* 123.jpg in Resources */,
				77C2B578166F29AD00A846FC /* MPCONFIG.plist in Resources */,
			);
			runOnlyForDeploymentPostprocessing = 0;
		};
/* End PBXResourcesBuildPhase section */

/* Begin PBXSourcesBuildPhase section */
		779074DE1637925600066A07 /* Sources */ = {
			isa = PBXSourcesBuildPhase;
			buildActionMask = 2147483647;
			files = (
				779074F31637925600066A07 /* main.m in Sources */,
				779074F71637925600066A07 /* AppDelegate.m in Sources */,
				779075031637925600066A07 /* LoginViewController.m in Sources */,
				7790752016379B6000066A07 /* MainViewController.m in Sources */,
				779075291637E69100066A07 /* PurchaseViewController.m in Sources */,
				FC301F24165E3E5A008EBA78 /* HomeViewController.m in Sources */,
			);
			runOnlyForDeploymentPostprocessing = 0;
		};
/* End PBXSourcesBuildPhase section */

/* Begin PBXVariantGroup section */
		779074EF1637925600066A07 /* InfoPlist.strings */ = {
			isa = PBXVariantGroup;
			children = (
				779074F01637925600066A07 /* en */,
			);
			name = InfoPlist.strings;
			sourceTree = "<group>";
		};
		779074FE1637925600066A07 /* PhoneMainStoryboard.storyboard */ = {
			isa = PBXVariantGroup;
			children = (
				779074FF1637925600066A07 /* en */,
			);
			name = PhoneMainStoryboard.storyboard;
			sourceTree = "<group>";
		};
/* End PBXVariantGroup section */

/* Begin XCBuildConfiguration section */
		779075041637925600066A07 /* Debug */ = {
			isa = XCBuildConfiguration;
			buildSettings = {
				ALWAYS_SEARCH_USER_PATHS = NO;
				CLANG_CXX_LANGUAGE_STANDARD = "gnu++0x";
				CLANG_CXX_LIBRARY = "libc++";
				CLANG_ENABLE_OBJC_ARC = YES;
				CLANG_WARN_EMPTY_BODY = YES;
				CLANG_WARN__DUPLICATE_METHOD_MATCH = YES;
				CODE_SIGN_IDENTITY = "iPhone Developer: SHIH-SHENG CHANG (ZQ97F2CTNA)";
				"CODE_SIGN_IDENTITY[sdk=iphoneos*]" = "iPhone Developer: SHIH-SHENG CHANG (ZQ97F2CTNA)";
				COPY_PHASE_STRIP = NO;
				GCC_C_LANGUAGE_STANDARD = gnu99;
				GCC_DYNAMIC_NO_PIC = NO;
				GCC_OPTIMIZATION_LEVEL = 0;
				GCC_PREPROCESSOR_DEFINITIONS = (
					"DEBUG=1",
					"$(inherited)",
				);
				GCC_SYMBOLS_PRIVATE_EXTERN = NO;
				GCC_WARN_ABOUT_RETURN_TYPE = YES;
				GCC_WARN_UNINITIALIZED_AUTOS = YES;
				GCC_WARN_UNUSED_VARIABLE = YES;
				IPHONEOS_DEPLOYMENT_TARGET = 5.1;
				ONLY_ACTIVE_ARCH = YES;
				PROVISIONING_PROFILE = "82C9F68F-1D89-46EA-B09F-274231FE5AA7";
				SDKROOT = iphoneos;
			};
			name = Debug;
		};
		779075051637925600066A07 /* Release */ = {
			isa = XCBuildConfiguration;
			buildSettings = {
				ALWAYS_SEARCH_USER_PATHS = NO;
				CLANG_CXX_LANGUAGE_STANDARD = "gnu++0x";
				CLANG_CXX_LIBRARY = "libc++";
				CLANG_ENABLE_OBJC_ARC = YES;
				CLANG_WARN_EMPTY_BODY = YES;
				CLANG_WARN__DUPLICATE_METHOD_MATCH = YES;
				CODE_SIGN_IDENTITY = "iPhone Developer: SHIH-SHENG CHANG (ZQ97F2CTNA)";
				"CODE_SIGN_IDENTITY[sdk=iphoneos*]" = "iPhone Developer: SHIH-SHENG CHANG (ZQ97F2CTNA)";
				COPY_PHASE_STRIP = YES;
				GCC_C_LANGUAGE_STANDARD = gnu99;
				GCC_WARN_ABOUT_RETURN_TYPE = YES;
				GCC_WARN_UNINITIALIZED_AUTOS = YES;
				GCC_WARN_UNUSED_VARIABLE = YES;
				IPHONEOS_DEPLOYMENT_TARGET = 5.1;
				OTHER_CFLAGS = "-DNS_BLOCK_ASSERTIONS=1";
				PROVISIONING_PROFILE = "82C9F68F-1D89-46EA-B09F-274231FE5AA7";
				SDKROOT = iphoneos;
				VALIDATE_PRODUCT = YES;
			};
			name = Release;
		};
		779075071637925600066A07 /* Debug */ = {
			isa = XCBuildConfiguration;
			buildSettings = {
				FRAMEWORK_SEARCH_PATHS = (
					"$(inherited)",
					"\"$(SRCROOT)\"",
					"\"$(SRCROOT)/../../../Library/Developer/Xcode/DerivedData/MyPlayFramework-ajgkysoqgtzrmfgfurkwmpdkahaq/Build/Products/Debug-iphoneos\"",
					"\"$(SRCROOT)/../../../../Library/Developer/Xcode/DerivedData/MyPlayFramework-fojmmeqzqcihepbizixfghjicjdn/Build/Products/Release-iphoneos\"",
				);
				GCC_PRECOMPILE_PREFIX_HEADER = YES;
				GCC_PREFIX_HEADER = "TicTacTao/TicTacTao-Prefix.pch";
				INFOPLIST_FILE = "TicTacTao/TicTacTao-Info.plist";
				IPHONEOS_DEPLOYMENT_TARGET = 5.1;
				OTHER_LDFLAGS = "";
				PRODUCT_NAME = "$(TARGET_NAME)";
				TARGETED_DEVICE_FAMILY = 1;
				WRAPPER_EXTENSION = app;
			};
			name = Debug;
		};
		779075081637925600066A07 /* Release */ = {
			isa = XCBuildConfiguration;
			buildSettings = {
				FRAMEWORK_SEARCH_PATHS = (
					"$(inherited)",
					"\"$(SRCROOT)\"",
					"\"$(SRCROOT)/../../../Library/Developer/Xcode/DerivedData/MyPlayFramework-ajgkysoqgtzrmfgfurkwmpdkahaq/Build/Products/Debug-iphoneos\"",
					"\"$(SRCROOT)/../../../../Library/Developer/Xcode/DerivedData/MyPlayFramework-fojmmeqzqcihepbizixfghjicjdn/Build/Products/Release-iphoneos\"",
				);
				GCC_PRECOMPILE_PREFIX_HEADER = YES;
				GCC_PREFIX_HEADER = "TicTacTao/TicTacTao-Prefix.pch";
				INFOPLIST_FILE = "TicTacTao/TicTacTao-Info.plist";
				IPHONEOS_DEPLOYMENT_TARGET = 5.1;
				OTHER_LDFLAGS = "";
				PRODUCT_NAME = "$(TARGET_NAME)";
				TARGETED_DEVICE_FAMILY = 1;
				WRAPPER_EXTENSION = app;
			};
			name = Release;
		};
/* End XCBuildConfiguration section */

/* Begin XCConfigurationList section */
		779074DC1637925600066A07 /* Build configuration list for PBXProject "TicTacTao" */ = {
			isa = XCConfigurationList;
			buildConfigurations = (
				779075041637925600066A07 /* Debug */,
				779075051637925600066A07 /* Release */,
			);
			defaultConfigurationIsVisible = 0;
			defaultConfigurationName = Release;
		};
		779075061637925600066A07 /* Build configuration list for PBXNativeTarget "TicTacTao" */ = {
			isa = XCConfigurationList;
			buildConfigurations = (
				779075071637925600066A07 /* Debug */,
				779075081637925600066A07 /* Release */,
			);
			defaultConfigurationIsVisible = 0;
			defaultConfigurationName = Release;
		};
/* End XCConfigurationList section */
	};
	rootObject = 779074D91637925600066A07 /* Project object */;
}
